
Microsoft Visual Studio Solution File, Format Version 12.00
# Visual Studio 15
VisualStudioVersion = 15.0.26206.0
MinimumVisualStudioVersion = 10.0.40219.1
Project("{FAE04EC0-301F-11D3-BF4B-00C04F79EFBC}") = "asm-dude-vsix", "CSHARP\asm-dude-vsix\asm-dude-vsix.csproj", "{B5A25E78-81D0-454A-8C02-F8C17CB0BBF5}"
EndProject
Project("{FAE04EC0-301F-11D3-BF4B-00C04F79EFBC}") = "asm-irony", "CSHARP\asm-irony\asm-irony.csproj", "{86771818-366E-4E0D-8EBF-C37699F444E9}"
EndProject
Project("{FAE04EC0-301F-11D3-BF4B-00C04F79EFBC}") = "asm-dude-tests", "CSHARP\unit-tests-asm-dude\asm-dude-tests.csproj", "{F3B04FA2-B6A5-4AAA-BE28-5342B7CD3D87}"
EndProject
Project("{FAE04EC0-301F-11D3-BF4B-00C04F79EFBC}") = "asm-tools-lib-tests", "CSHARP\unit-tests-asm-tools\asm-tools-lib-tests.csproj", "{63FB53C2-03BF-4FFA-ABB3-4909DD1DD058}"
EndProject
Project("{FAE04EC0-301F-11D3-BF4B-00C04F79EFBC}") = "asm-tools-lib", "CSHARP\asm-tools-lib\asm-tools-lib.csproj", "{9F5C800F-83F8-4866-AE3C-97602B39C536}"
EndProject
Global
	GlobalSection(SolutionConfigurationPlatforms) = preSolution
		Debug|Any CPU = Debug|Any CPU
		Debug|x64 = Debug|x64
		Debug|x86 = Debug|x86
		Release|Any CPU = Release|Any CPU
		Release|x64 = Release|x64
		Release|x86 = Release|x86
	EndGlobalSection
	GlobalSection(ProjectConfigurationPlatforms) = postSolution
		{B5A25E78-81D0-454A-8C02-F8C17CB0BBF5}.Debug|Any CPU.ActiveCfg = Debug|Any CPU
		{B5A25E78-81D0-454A-8C02-F8C17CB0BBF5}.Debug|Any CPU.Build.0 = Debug|Any CPU
		{B5A25E78-81D0-454A-8C02-F8C17CB0BBF5}.Debug|x64.ActiveCfg = Debug|Any CPU
		{B5A25E78-81D0-454A-8C02-F8C17CB0BBF5}.Debug|x64.Build.0 = Debug|Any CPU
		{B5A25E78-81D0-454A-8C02-F8C17CB0BBF5}.Debug|x86.ActiveCfg = Debug|Any CPU
		{B5A25E78-81D0-454A-8C02-F8C17CB0BBF5}.Debug|x86.Build.0 = Debug|Any CPU
		{B5A25E78-81D0-454A-8C02-F8C17CB0BBF5}.Release|Any CPU.ActiveCfg = Release|Any CPU
		{B5A25E78-81D0-454A-8C02-F8C17CB0BBF5}.Release|Any CPU.Build.0 = Release|Any CPU
		{B5A25E78-81D0-454A-8C02-F8C17CB0BBF5}.Release|x64.ActiveCfg = Release|Any CPU
		{B5A25E78-81D0-454A-8C02-F8C17CB0BBF5}.Release|x64.Build.0 = Release|Any CPU
		{B5A25E78-81D0-454A-8C02-F8C17CB0BBF5}.Release|x86.ActiveCfg = Release|Any CPU
		{B5A25E78-81D0-454A-8C02-F8C17CB0BBF5}.Release|x86.Build.0 = Release|Any CPU
		{86771818-366E-4E0D-8EBF-C37699F444E9}.Debug|Any CPU.ActiveCfg = Debug|Any CPU
		{86771818-366E-4E0D-8EBF-C37699F444E9}.Debug|Any CPU.Build.0 = Debug|Any CPU
		{86771818-366E-4E0D-8EBF-C37699F444E9}.Debug|x64.ActiveCfg = Debug|Any CPU
		{86771818-366E-4E0D-8EBF-C37699F444E9}.Debug|x64.Build.0 = Debug|Any CPU
		{86771818-366E-4E0D-8EBF-C37699F444E9}.Debug|x86.ActiveCfg = Debug|Any CPU
		{86771818-366E-4E0D-8EBF-C37699F444E9}.Debug|x86.Build.0 = Debug|Any CPU
		{86771818-366E-4E0D-8EBF-C37699F444E9}.Release|Any CPU.ActiveCfg = Release|Any CPU
		{86771818-366E-4E0D-8EBF-C37699F444E9}.Release|Any CPU.Build.0 = Release|Any CPU
		{86771818-366E-4E0D-8EBF-C37699F444E9}.Release|x64.ActiveCfg = Release|Any CPU
		{86771818-366E-4E0D-8EBF-C37699F444E9}.Release|x64.Build.0 = Release|Any CPU
		{86771818-366E-4E0D-8EBF-C37699F444E9}.Release|x86.ActiveCfg = Release|Any CPU
		{86771818-366E-4E0D-8EBF-C37699F444E9}.Release|x86.Build.0 = Release|Any CPU
		{F3B04FA2-B6A5-4AAA-BE28-5342B7CD3D87}.Debug|Any CPU.ActiveCfg = Debug|Any CPU
		{F3B04FA2-B6A5-4AAA-BE28-5342B7CD3D87}.Debug|Any CPU.Build.0 = Debug|Any CPU
		{F3B04FA2-B6A5-4AAA-BE28-5342B7CD3D87}.Debug|x64.ActiveCfg = Debug|Any CPU
		{F3B04FA2-B6A5-4AAA-BE28-5342B7CD3D87}.Debug|x64.Build.0 = Debug|Any CPU
		{F3B04FA2-B6A5-4AAA-BE28-5342B7CD3D87}.Debug|x86.ActiveCfg = Debug|Any CPU
		{F3B04FA2-B6A5-4AAA-BE28-5342B7CD3D87}.Debug|x86.Build.0 = Debug|Any CPU
		{F3B04FA2-B6A5-4AAA-BE28-5342B7CD3D87}.Release|Any CPU.ActiveCfg = Release|Any CPU
		{F3B04FA2-B6A5-4AAA-BE28-5342B7CD3D87}.Release|Any CPU.Build.0 = Release|Any CPU
		{F3B04FA2-B6A5-4AAA-BE28-5342B7CD3D87}.Release|x64.ActiveCfg = Release|Any CPU
		{F3B04FA2-B6A5-4AAA-BE28-5342B7CD3D87}.Release|x64.Build.0 = Release|Any CPU
		{F3B04FA2-B6A5-4AAA-BE28-5342B7CD3D87}.Release|x86.ActiveCfg = Release|Any CPU
		{F3B04FA2-B6A5-4AAA-BE28-5342B7CD3D87}.Release|x86.Build.0 = Release|Any CPU
		{63FB53C2-03BF-4FFA-ABB3-4909DD1DD058}.Debug|Any CPU.ActiveCfg = Debug|Any CPU
		{63FB53C2-03BF-4FFA-ABB3-4909DD1DD058}.Debug|Any CPU.Build.0 = Debug|Any CPU
		{63FB53C2-03BF-4FFA-ABB3-4909DD1DD058}.Debug|x64.ActiveCfg = Debug|Any CPU
		{63FB53C2-03BF-4FFA-ABB3-4909DD1DD058}.Debug|x64.Build.0 = Debug|Any CPU
		{63FB53C2-03BF-4FFA-ABB3-4909DD1DD058}.Debug|x86.ActiveCfg = Debug|Any CPU
		{63FB53C2-03BF-4FFA-ABB3-4909DD1DD058}.Debug|x86.Build.0 = Debug|Any CPU
		{63FB53C2-03BF-4FFA-ABB3-4909DD1DD058}.Release|Any CPU.ActiveCfg = Release|Any CPU
		{63FB53C2-03BF-4FFA-ABB3-4909DD1DD058}.Release|Any CPU.Build.0 = Release|Any CPU
		{63FB53C2-03BF-4FFA-ABB3-4909DD1DD058}.Release|x64.ActiveCfg = Release|Any CPU
		{63FB53C2-03BF-4FFA-ABB3-4909DD1DD058}.Release|x64.Build.0 = Release|Any CPU
		{63FB53C2-03BF-4FFA-ABB3-4909DD1DD058}.Release|x86.ActiveCfg = Release|Any CPU
		{63FB53C2-03BF-4FFA-ABB3-4909DD1DD058}.Release|x86.Build.0 = Release|Any CPU
		{9F5C800F-83F8-4866-AE3C-97602B39C536}.Debug|Any CPU.ActiveCfg = Debug|Any CPU
		{9F5C800F-83F8-4866-AE3C-97602B39C536}.Debug|Any CPU.Build.0 = Debug|Any CPU
		{9F5C800F-83F8-4866-AE3C-97602B39C536}.Debug|x64.ActiveCfg = Debug|x64
		{9F5C800F-83F8-4866-AE3C-97602B39C536}.Debug|x64.Build.0 = Debug|x64
		{9F5C800F-83F8-4866-AE3C-97602B39C536}.Debug|x86.ActiveCfg = Debug|x86
		{9F5C800F-83F8-4866-AE3C-97602B39C536}.Debug|x86.Build.0 = Debug|x86
		{9F5C800F-83F8-4866-AE3C-97602B39C536}.Release|Any CPU.ActiveCfg = Release|Any CPU
		{9F5C800F-83F8-4866-AE3C-97602B39C536}.Release|Any CPU.Build.0 = Release|Any CPU
		{9F5C800F-83F8-4866-AE3C-97602B39C536}.Release|x64.ActiveCfg = Release|x64
		{9F5C800F-83F8-4866-AE3C-97602B39C536}.Release|x64.Build.0 = Release|x64
		{9F5C800F-83F8-4866-AE3C-97602B39C536}.Release|x86.ActiveCfg = Release|x86
		{9F5C800F-83F8-4866-AE3C-97602B39C536}.Release|x86.Build.0 = Release|x86
	EndGlobalSection
	GlobalSection(SolutionProperties) = preSolution
		HideSolutionNode = FALSE
	EndGlobalSection
EndGlobal
