
Microsoft Visual Studio Solution File, Format Version 12.00
# Visual Studio Version 17
VisualStudioVersion = 17.8.34004.107
MinimumVisualStudioVersion = 10.0.40219.1
Project("{FAE04EC0-301F-11D3-BF4B-00C04F79EFBC}") = "asm-dude-vsix", "CSHARP\asm-dude-vsix\asm-dude-vsix.csproj", "{B5A25E78-81D0-454A-8C02-F8C17CB0BBF5}"
	ProjectSection(ProjectDependencies) = postProject
		{E0D833C8-652E-4026-BDC1-13568940B1A8} = {E0D833C8-652E-4026-BDC1-13568940B1A8}
	EndProjectSection
EndProject
Project("{FAE04EC0-301F-11D3-BF4B-00C04F79EFBC}") = "asm-irony", "CSHARP\asm-irony\asm-irony.csproj", "{86771818-366E-4E0D-8EBF-C37699F444E9}"
EndProject
Project("{FAE04EC0-301F-11D3-BF4B-00C04F79EFBC}") = "unit-tests-asm-dude", "CSHARP\unit-tests-asm-dude\unit-tests-asm-dude.csproj", "{F3B04FA2-B6A5-4AAA-BE28-5342B7CD3D87}"
EndProject
Project("{FAE04EC0-301F-11D3-BF4B-00C04F79EFBC}") = "unit-tests-asm-tools", "CSHARP\unit-tests-asm-tools\unit-tests-asm-tools.csproj", "{63FB53C2-03BF-4FFA-ABB3-4909DD1DD058}"
EndProject
Project("{FAE04EC0-301F-11D3-BF4B-00C04F79EFBC}") = "asm-tools-lib", "CSHARP\asm-tools-lib\asm-tools-lib.csproj", "{9F5C800F-83F8-4866-AE3C-97602B39C536}"
EndProject
Project("{FAE04EC0-301F-11D3-BF4B-00C04F79EFBC}") = "asm-sim-lib", "CSHARP\asm-sim-lib\asm-sim-lib.csproj", "{E0D833C8-652E-4026-BDC1-13568940B1A8}"
EndProject
Project("{FAE04EC0-301F-11D3-BF4B-00C04F79EFBC}") = "asm-sim-main", "CSHARP\asm-sim-main\asm-sim-main.csproj", "{14AADBAA-0EA5-43FB-B961-0912B68D4BAB}"
EndProject
Project("{FAE04EC0-301F-11D3-BF4B-00C04F79EFBC}") = "unit-tests-asm-sim", "CSHARP\unit-tests-asm-sim\unit-tests-asm-sim.csproj", "{E284515C-2F97-4D92-9815-16E96680DB07}"
EndProject
Project("{8BC9CEB8-8B4A-11D0-8D11-00A0C91BC942}") = "ConsoleWinTest", "CPP\ConsoleTest\ConsoleTest\ConsoleTest.vcxproj", "{3999DC4F-3A96-4B9B-805E-6BBDF0B101E1}"
EndProject
Project("{2150E333-8FDC-42A3-9474-1A3956D46DE8}") = "ConsoleTests", "ConsoleTests", "{7AA6F88A-1FD8-4913-8DB4-F15B79BB98FC}"
EndProject
Project("{2150E333-8FDC-42A3-9474-1A3956D46DE8}") = "UnitTests", "UnitTests", "{2E174C17-3344-49CE-A166-F18E0C5C65DB}"
EndProject
Project("{8BC9CEB8-8B4A-11D0-8D11-00A0C91BC942}") = "ConsoleLinuxApplicationTest", "CPP\ConsoleLinuxApplicationTest\ConsoleLinuxApplicationTest.vcxproj", "{CDC97AE1-D866-44F3-A2F5-E1F0EA7BBD1D}"
EndProject
Project("{2150E333-8FDC-42A3-9474-1A3956D46DE8}") = "AsmDoc", "AsmDoc", "{8539E7E0-634A-459F-A5AF-25ECBD16DE13}"
EndProject
Project("{888888A0-9F3D-457C-B088-3A5042F75D52}") = "intel-doc-2-md", "Python\intel-doc-2-md\intel-doc-2-md.pyproj", "{BF80AE23-E323-48FB-8B44-156B2524EFFF}"
EndProject
Project("{9A19103F-16F7-4668-BE54-9A1E7A4F7556}") = "intel-doc-2-data", "CSHARP\intel-doc-2-data\intel-doc-2-data.csproj", "{16019732-E6FC-4299-B075-4B5537A7FDB5}"
EndProject
Project("{9A19103F-16F7-4668-BE54-9A1E7A4F7556}") = "asm-annotate", "CSHARP\asm-annotate\asm-annotate.csproj", "{57680B5B-28CC-4AAA-AF9D-874CFFD0F346}"
EndProject
Project("{9A19103F-16F7-4668-BE54-9A1E7A4F7556}") = "LanguageServerLibrary", "CSHARP\LanguageServerLibrary\LanguageServerLibrary.csproj", "{61F36DC8-2021-4B45-B9A6-86C3F8F6AE0A}"
EndProject
Project("{9A19103F-16F7-4668-BE54-9A1E7A4F7556}") = "LanguageServerWithUI", "CSHARP\LanguageServerWithUI\LanguageServerWithUI.csproj", "{A177CC98-7EE7-41AE-B969-420D2D4C5F04}"
EndProject
Project("{9A19103F-16F7-4668-BE54-9A1E7A4F7556}") = "asm-dude2-vsix", "CSHARP\asm-dude2-vsix\asm-dude2-vsix.csproj", "{E8E7EF28-598E-45FD-905E-EC76486EAB89}"
EndProject
Project("{2150E333-8FDC-42A3-9474-1A3956D46DE8}") = "Solution Items", "Solution Items", "{70DA876B-F391-4F59-B57C-C5A7B9DFBC2C}"
	ProjectSection(SolutionItems) = preProject
		.editorconfig = .editorconfig
	EndProjectSection
EndProject
Global
	GlobalSection(SolutionConfigurationPlatforms) = preSolution
		Debug|Any CPU = Debug|Any CPU
		Debug|x64 = Debug|x64
		Release|Any CPU = Release|Any CPU
		Release|x64 = Release|x64
	EndGlobalSection
	GlobalSection(ProjectConfigurationPlatforms) = postSolution
		{B5A25E78-81D0-454A-8C02-F8C17CB0BBF5}.Debug|Any CPU.ActiveCfg = Debug|Any CPU
		{B5A25E78-81D0-454A-8C02-F8C17CB0BBF5}.Debug|Any CPU.Build.0 = Debug|Any CPU
		{B5A25E78-81D0-454A-8C02-F8C17CB0BBF5}.Debug|x64.ActiveCfg = Debug|Any CPU
		{B5A25E78-81D0-454A-8C02-F8C17CB0BBF5}.Debug|x64.Build.0 = Debug|Any CPU
		{B5A25E78-81D0-454A-8C02-F8C17CB0BBF5}.Release|Any CPU.ActiveCfg = Release|Any CPU
		{B5A25E78-81D0-454A-8C02-F8C17CB0BBF5}.Release|Any CPU.Build.0 = Release|Any CPU
		{B5A25E78-81D0-454A-8C02-F8C17CB0BBF5}.Release|x64.ActiveCfg = Release|Any CPU
		{B5A25E78-81D0-454A-8C02-F8C17CB0BBF5}.Release|x64.Build.0 = Release|Any CPU
		{86771818-366E-4E0D-8EBF-C37699F444E9}.Debug|Any CPU.ActiveCfg = Debug|Any CPU
		{86771818-366E-4E0D-8EBF-C37699F444E9}.Debug|Any CPU.Build.0 = Debug|Any CPU
		{86771818-366E-4E0D-8EBF-C37699F444E9}.Debug|x64.ActiveCfg = Debug|Any CPU
		{86771818-366E-4E0D-8EBF-C37699F444E9}.Debug|x64.Build.0 = Debug|Any CPU
		{86771818-366E-4E0D-8EBF-C37699F444E9}.Release|Any CPU.ActiveCfg = Release|Any CPU
		{86771818-366E-4E0D-8EBF-C37699F444E9}.Release|Any CPU.Build.0 = Release|Any CPU
		{86771818-366E-4E0D-8EBF-C37699F444E9}.Release|x64.ActiveCfg = Release|Any CPU
		{86771818-366E-4E0D-8EBF-C37699F444E9}.Release|x64.Build.0 = Release|Any CPU
		{F3B04FA2-B6A5-4AAA-BE28-5342B7CD3D87}.Debug|Any CPU.ActiveCfg = Debug|Any CPU
		{F3B04FA2-B6A5-4AAA-BE28-5342B7CD3D87}.Debug|Any CPU.Build.0 = Debug|Any CPU
		{F3B04FA2-B6A5-4AAA-BE28-5342B7CD3D87}.Debug|x64.ActiveCfg = Debug|Any CPU
		{F3B04FA2-B6A5-4AAA-BE28-5342B7CD3D87}.Debug|x64.Build.0 = Debug|Any CPU
		{F3B04FA2-B6A5-4AAA-BE28-5342B7CD3D87}.Release|Any CPU.ActiveCfg = Release|Any CPU
		{F3B04FA2-B6A5-4AAA-BE28-5342B7CD3D87}.Release|Any CPU.Build.0 = Release|Any CPU
		{F3B04FA2-B6A5-4AAA-BE28-5342B7CD3D87}.Release|x64.ActiveCfg = Release|Any CPU
		{F3B04FA2-B6A5-4AAA-BE28-5342B7CD3D87}.Release|x64.Build.0 = Release|Any CPU
		{63FB53C2-03BF-4FFA-ABB3-4909DD1DD058}.Debug|Any CPU.ActiveCfg = Debug|Any CPU
		{63FB53C2-03BF-4FFA-ABB3-4909DD1DD058}.Debug|Any CPU.Build.0 = Debug|Any CPU
		{63FB53C2-03BF-4FFA-ABB3-4909DD1DD058}.Debug|x64.ActiveCfg = Debug|Any CPU
		{63FB53C2-03BF-4FFA-ABB3-4909DD1DD058}.Debug|x64.Build.0 = Debug|Any CPU
		{63FB53C2-03BF-4FFA-ABB3-4909DD1DD058}.Release|Any CPU.ActiveCfg = Release|Any CPU
		{63FB53C2-03BF-4FFA-ABB3-4909DD1DD058}.Release|Any CPU.Build.0 = Release|Any CPU
		{63FB53C2-03BF-4FFA-ABB3-4909DD1DD058}.Release|x64.ActiveCfg = Release|Any CPU
		{63FB53C2-03BF-4FFA-ABB3-4909DD1DD058}.Release|x64.Build.0 = Release|Any CPU
		{9F5C800F-83F8-4866-AE3C-97602B39C536}.Debug|Any CPU.ActiveCfg = Debug|Any CPU
		{9F5C800F-83F8-4866-AE3C-97602B39C536}.Debug|Any CPU.Build.0 = Debug|Any CPU
		{9F5C800F-83F8-4866-AE3C-97602B39C536}.Debug|x64.ActiveCfg = Debug|x64
		{9F5C800F-83F8-4866-AE3C-97602B39C536}.Debug|x64.Build.0 = Debug|x64
		{9F5C800F-83F8-4866-AE3C-97602B39C536}.Release|Any CPU.ActiveCfg = Release|Any CPU
		{9F5C800F-83F8-4866-AE3C-97602B39C536}.Release|Any CPU.Build.0 = Release|Any CPU
		{9F5C800F-83F8-4866-AE3C-97602B39C536}.Release|x64.ActiveCfg = Release|x64
		{9F5C800F-83F8-4866-AE3C-97602B39C536}.Release|x64.Build.0 = Release|x64
		{E0D833C8-652E-4026-BDC1-13568940B1A8}.Debug|Any CPU.ActiveCfg = Debug|x64
		{E0D833C8-652E-4026-BDC1-13568940B1A8}.Debug|Any CPU.Build.0 = Debug|x64
		{E0D833C8-652E-4026-BDC1-13568940B1A8}.Debug|x64.ActiveCfg = Debug|x64
		{E0D833C8-652E-4026-BDC1-13568940B1A8}.Debug|x64.Build.0 = Debug|x64
		{E0D833C8-652E-4026-BDC1-13568940B1A8}.Release|Any CPU.ActiveCfg = Release|x64
		{E0D833C8-652E-4026-BDC1-13568940B1A8}.Release|Any CPU.Build.0 = Release|x64
		{E0D833C8-652E-4026-BDC1-13568940B1A8}.Release|x64.ActiveCfg = Release|x64
		{E0D833C8-652E-4026-BDC1-13568940B1A8}.Release|x64.Build.0 = Release|x64
		{14AADBAA-0EA5-43FB-B961-0912B68D4BAB}.Debug|Any CPU.ActiveCfg = Debug|Any CPU
		{14AADBAA-0EA5-43FB-B961-0912B68D4BAB}.Debug|Any CPU.Build.0 = Debug|Any CPU
		{14AADBAA-0EA5-43FB-B961-0912B68D4BAB}.Debug|x64.ActiveCfg = Debug|x64
		{14AADBAA-0EA5-43FB-B961-0912B68D4BAB}.Debug|x64.Build.0 = Debug|x64
		{14AADBAA-0EA5-43FB-B961-0912B68D4BAB}.Release|Any CPU.ActiveCfg = Release|Any CPU
		{14AADBAA-0EA5-43FB-B961-0912B68D4BAB}.Release|Any CPU.Build.0 = Release|Any CPU
		{14AADBAA-0EA5-43FB-B961-0912B68D4BAB}.Release|x64.ActiveCfg = Release|x64
		{14AADBAA-0EA5-43FB-B961-0912B68D4BAB}.Release|x64.Build.0 = Release|x64
		{E284515C-2F97-4D92-9815-16E96680DB07}.Debug|Any CPU.ActiveCfg = Debug|Any CPU
		{E284515C-2F97-4D92-9815-16E96680DB07}.Debug|Any CPU.Build.0 = Debug|Any CPU
		{E284515C-2F97-4D92-9815-16E96680DB07}.Debug|x64.ActiveCfg = Debug|x64
		{E284515C-2F97-4D92-9815-16E96680DB07}.Debug|x64.Build.0 = Debug|x64
		{E284515C-2F97-4D92-9815-16E96680DB07}.Release|Any CPU.ActiveCfg = Release|Any CPU
		{E284515C-2F97-4D92-9815-16E96680DB07}.Release|Any CPU.Build.0 = Release|Any CPU
		{E284515C-2F97-4D92-9815-16E96680DB07}.Release|x64.ActiveCfg = Release|x64
		{E284515C-2F97-4D92-9815-16E96680DB07}.Release|x64.Build.0 = Release|x64
		{3999DC4F-3A96-4B9B-805E-6BBDF0B101E1}.Debug|Any CPU.ActiveCfg = Debug|x64
		{3999DC4F-3A96-4B9B-805E-6BBDF0B101E1}.Debug|Any CPU.Build.0 = Debug|x64
		{3999DC4F-3A96-4B9B-805E-6BBDF0B101E1}.Debug|x64.ActiveCfg = Debug|x64
		{3999DC4F-3A96-4B9B-805E-6BBDF0B101E1}.Debug|x64.Build.0 = Debug|x64
		{3999DC4F-3A96-4B9B-805E-6BBDF0B101E1}.Release|Any CPU.ActiveCfg = Release|x64
		{3999DC4F-3A96-4B9B-805E-6BBDF0B101E1}.Release|Any CPU.Build.0 = Release|x64
		{3999DC4F-3A96-4B9B-805E-6BBDF0B101E1}.Release|x64.ActiveCfg = Release|x64
		{3999DC4F-3A96-4B9B-805E-6BBDF0B101E1}.Release|x64.Build.0 = Release|x64
		{CDC97AE1-D866-44F3-A2F5-E1F0EA7BBD1D}.Debug|Any CPU.ActiveCfg = Debug|x64
		{CDC97AE1-D866-44F3-A2F5-E1F0EA7BBD1D}.Debug|x64.ActiveCfg = Debug|x64
		{CDC97AE1-D866-44F3-A2F5-E1F0EA7BBD1D}.Debug|x64.Build.0 = Debug|x64
		{CDC97AE1-D866-44F3-A2F5-E1F0EA7BBD1D}.Debug|x64.Deploy.0 = Debug|x64
		{CDC97AE1-D866-44F3-A2F5-E1F0EA7BBD1D}.Release|Any CPU.ActiveCfg = Release|x64
		{CDC97AE1-D866-44F3-A2F5-E1F0EA7BBD1D}.Release|x64.ActiveCfg = Release|x64
		{CDC97AE1-D866-44F3-A2F5-E1F0EA7BBD1D}.Release|x64.Build.0 = Release|x64
		{CDC97AE1-D866-44F3-A2F5-E1F0EA7BBD1D}.Release|x64.Deploy.0 = Release|x64
		{BF80AE23-E323-48FB-8B44-156B2524EFFF}.Debug|Any CPU.ActiveCfg = Debug|Any CPU
		{BF80AE23-E323-48FB-8B44-156B2524EFFF}.Debug|x64.ActiveCfg = Debug|Any CPU
		{BF80AE23-E323-48FB-8B44-156B2524EFFF}.Release|Any CPU.ActiveCfg = Release|Any CPU
		{BF80AE23-E323-48FB-8B44-156B2524EFFF}.Release|x64.ActiveCfg = Release|Any CPU
		{16019732-E6FC-4299-B075-4B5537A7FDB5}.Debug|Any CPU.ActiveCfg = Debug|Any CPU
		{16019732-E6FC-4299-B075-4B5537A7FDB5}.Debug|Any CPU.Build.0 = Debug|Any CPU
		{16019732-E6FC-4299-B075-4B5537A7FDB5}.Debug|x64.ActiveCfg = Debug|Any CPU
		{16019732-E6FC-4299-B075-4B5537A7FDB5}.Debug|x64.Build.0 = Debug|Any CPU
		{16019732-E6FC-4299-B075-4B5537A7FDB5}.Release|Any CPU.ActiveCfg = Release|Any CPU
		{16019732-E6FC-4299-B075-4B5537A7FDB5}.Release|Any CPU.Build.0 = Release|Any CPU
		{16019732-E6FC-4299-B075-4B5537A7FDB5}.Release|x64.ActiveCfg = Release|Any CPU
		{16019732-E6FC-4299-B075-4B5537A7FDB5}.Release|x64.Build.0 = Release|Any CPU
		{57680B5B-28CC-4AAA-AF9D-874CFFD0F346}.Debug|Any CPU.ActiveCfg = Debug|Any CPU
		{57680B5B-28CC-4AAA-AF9D-874CFFD0F346}.Debug|Any CPU.Build.0 = Debug|Any CPU
		{57680B5B-28CC-4AAA-AF9D-874CFFD0F346}.Debug|x64.ActiveCfg = Debug|Any CPU
		{57680B5B-28CC-4AAA-AF9D-874CFFD0F346}.Debug|x64.Build.0 = Debug|Any CPU
		{57680B5B-28CC-4AAA-AF9D-874CFFD0F346}.Release|Any CPU.ActiveCfg = Release|Any CPU
		{57680B5B-28CC-4AAA-AF9D-874CFFD0F346}.Release|Any CPU.Build.0 = Release|Any CPU
		{57680B5B-28CC-4AAA-AF9D-874CFFD0F346}.Release|x64.ActiveCfg = Release|Any CPU
		{57680B5B-28CC-4AAA-AF9D-874CFFD0F346}.Release|x64.Build.0 = Release|Any CPU
		{61F36DC8-2021-4B45-B9A6-86C3F8F6AE0A}.Debug|Any CPU.ActiveCfg = Debug|Any CPU
		{61F36DC8-2021-4B45-B9A6-86C3F8F6AE0A}.Debug|Any CPU.Build.0 = Debug|Any CPU
		{61F36DC8-2021-4B45-B9A6-86C3F8F6AE0A}.Debug|x64.ActiveCfg = Debug|Any CPU
		{61F36DC8-2021-4B45-B9A6-86C3F8F6AE0A}.Debug|x64.Build.0 = Debug|Any CPU
		{61F36DC8-2021-4B45-B9A6-86C3F8F6AE0A}.Release|Any CPU.ActiveCfg = Release|Any CPU
		{61F36DC8-2021-4B45-B9A6-86C3F8F6AE0A}.Release|Any CPU.Build.0 = Release|Any CPU
		{61F36DC8-2021-4B45-B9A6-86C3F8F6AE0A}.Release|x64.ActiveCfg = Release|Any CPU
		{61F36DC8-2021-4B45-B9A6-86C3F8F6AE0A}.Release|x64.Build.0 = Release|Any CPU
		{A177CC98-7EE7-41AE-B969-420D2D4C5F04}.Debug|Any CPU.ActiveCfg = Debug|Any CPU
		{A177CC98-7EE7-41AE-B969-420D2D4C5F04}.Debug|Any CPU.Build.0 = Debug|Any CPU
		{A177CC98-7EE7-41AE-B969-420D2D4C5F04}.Debug|x64.ActiveCfg = Debug|Any CPU
		{A177CC98-7EE7-41AE-B969-420D2D4C5F04}.Debug|x64.Build.0 = Debug|Any CPU
		{A177CC98-7EE7-41AE-B969-420D2D4C5F04}.Release|Any CPU.ActiveCfg = Release|Any CPU
		{A177CC98-7EE7-41AE-B969-420D2D4C5F04}.Release|Any CPU.Build.0 = Release|Any CPU
		{A177CC98-7EE7-41AE-B969-420D2D4C5F04}.Release|x64.ActiveCfg = Release|Any CPU
		{A177CC98-7EE7-41AE-B969-420D2D4C5F04}.Release|x64.Build.0 = Release|Any CPU
		{E8E7EF28-598E-45FD-905E-EC76486EAB89}.Debug|Any CPU.ActiveCfg = Debug|Any CPU
		{E8E7EF28-598E-45FD-905E-EC76486EAB89}.Debug|Any CPU.Build.0 = Debug|Any CPU
		{E8E7EF28-598E-45FD-905E-EC76486EAB89}.Debug|Any CPU.Deploy.0 = Debug|Any CPU
		{E8E7EF28-598E-45FD-905E-EC76486EAB89}.Debug|x64.ActiveCfg = Debug|Any CPU
		{E8E7EF28-598E-45FD-905E-EC76486EAB89}.Debug|x64.Build.0 = Debug|Any CPU
		{E8E7EF28-598E-45FD-905E-EC76486EAB89}.Debug|x64.Deploy.0 = Debug|Any CPU
		{E8E7EF28-598E-45FD-905E-EC76486EAB89}.Release|Any CPU.ActiveCfg = Release|Any CPU
		{E8E7EF28-598E-45FD-905E-EC76486EAB89}.Release|Any CPU.Build.0 = Release|Any CPU
		{E8E7EF28-598E-45FD-905E-EC76486EAB89}.Release|Any CPU.Deploy.0 = Release|Any CPU
		{E8E7EF28-598E-45FD-905E-EC76486EAB89}.Release|x64.ActiveCfg = Release|Any CPU
		{E8E7EF28-598E-45FD-905E-EC76486EAB89}.Release|x64.Build.0 = Release|Any CPU
		{E8E7EF28-598E-45FD-905E-EC76486EAB89}.Release|x64.Deploy.0 = Release|Any CPU
	EndGlobalSection
	GlobalSection(SolutionProperties) = preSolution
		HideSolutionNode = FALSE
	EndGlobalSection
	GlobalSection(NestedProjects) = preSolution
		{F3B04FA2-B6A5-4AAA-BE28-5342B7CD3D87} = {2E174C17-3344-49CE-A166-F18E0C5C65DB}
		{63FB53C2-03BF-4FFA-ABB3-4909DD1DD058} = {2E174C17-3344-49CE-A166-F18E0C5C65DB}
		{E284515C-2F97-4D92-9815-16E96680DB07} = {2E174C17-3344-49CE-A166-F18E0C5C65DB}
		{3999DC4F-3A96-4B9B-805E-6BBDF0B101E1} = {7AA6F88A-1FD8-4913-8DB4-F15B79BB98FC}
		{CDC97AE1-D866-44F3-A2F5-E1F0EA7BBD1D} = {7AA6F88A-1FD8-4913-8DB4-F15B79BB98FC}
		{BF80AE23-E323-48FB-8B44-156B2524EFFF} = {8539E7E0-634A-459F-A5AF-25ECBD16DE13}
		{16019732-E6FC-4299-B075-4B5537A7FDB5} = {8539E7E0-634A-459F-A5AF-25ECBD16DE13}
	EndGlobalSection
	GlobalSection(ExtensibilityGlobals) = postSolution
		SolutionGuid = {89D318BB-C529-4DDE-8EAF-DAEA3986256B}
	EndGlobalSection
EndGlobal
