
Microsoft Visual Studio Solution File, Format Version 12.00
# Visual Studio Version 18
VisualStudioVersion = 18.0.11222.15
MinimumVisualStudioVersion = 10.0.40219.1
Project("{9A19103F-16F7-4668-BE54-9A1E7A4F7556}") = "asm-annotate", "CSHARP\asm-annotate\asm-annotate.csproj", "{57680B5B-28CC-4AAA-AF9D-874CFFD0F346}"
EndProject
Project("{2150E333-8FDC-42A3-9474-1A3956D46DE8}") = "Solution Items", "Solution Items", "{70DA876B-F391-4F59-B57C-C5A7B9DFBC2C}"
	ProjectSection(SolutionItems) = preProject
		.editorconfig = .editorconfig
	EndProjectSection
EndProject
Project("{9A19103F-16F7-4668-BE54-9A1E7A4F7556}") = "asm-dude2-vsix", "CSHARP\asm-dude2-vsix\asm-dude2-vsix.csproj", "{C8E7EF28-598E-45FD-905E-EC76486EAB90}"
	ProjectSection(ProjectDependencies) = postProject
		{0F4AFE8D-2FBA-4027-AE33-E98BE0E41E4D} = {0F4AFE8D-2FBA-4027-AE33-E98BE0E41E4D}
	EndProjectSection
EndProject
Project("{9A19103F-16F7-4668-BE54-9A1E7A4F7556}") = "asm-dude2-ls-lib", "CSHARP\asm-dude2-ls-lib\asm-dude2-ls-lib.csproj", "{D70EDAA2-616B-4B09-80DE-F66C7D7073D1}"
EndProject
Project("{9A19103F-16F7-4668-BE54-9A1E7A4F7556}") = "asm-dude2-ls", "CSHARP\asm-dude2-ls\asm-dude2-ls.csproj", "{0F4AFE8D-2FBA-4027-AE33-E98BE0E41E4D}"
EndProject
Project("{9A19103F-16F7-4668-BE54-9A1E7A4F7556}") = "asm-tools-lib", "CSHARP\asm-tools-lib\asm-tools-lib.csproj", "{F52C248F-C834-4210-9AAC-56C5BDF9F08E}"
EndProject
Project("{9A19103F-16F7-4668-BE54-9A1E7A4F7556}") = "asm-sim-lib", "CSHARP\asm-sim-lib\asm-sim-lib.csproj", "{A9D9EE4D-E66F-4202-85B4-7C62B91D7A61}"
EndProject
Project("{9A19103F-16F7-4668-BE54-9A1E7A4F7556}") = "asm-sim-main", "CSHARP\asm-sim-main\asm-sim-main.csproj", "{042DE8B6-4982-4BC1-8E37-1DEC75B4FD78}"
EndProject
Project("{9A19103F-16F7-4668-BE54-9A1E7A4F7556}") = "asm-tools-tests", "CSHARP\asm-tools-tests\asm-tools-tests.csproj", "{95DD9330-E49E-4F95-B68B-7E158CED2E6E}"
EndProject
Project("{9A19103F-16F7-4668-BE54-9A1E7A4F7556}") = "asm-sim-tests", "CSHARP\asm-sim-tests\asm-sim-tests.csproj", "{FC2D7630-7474-4D9C-AE57-EE141AA4712B}"
EndProject
Project("{2150E333-8FDC-42A3-9474-1A3956D46DE8}") = "CSHARP", "CSHARP", "{B41BF331-FCCB-2ADF-CDB6-767964B34647}"
EndProject
Project("{FAE04EC0-301F-11D3-BF4B-00C04F79EFBC}") = "asm-dude2-ls-tests", "CSHARP\asm-dude2-ls-tests\asm-dude2-ls-tests.csproj", "{47F0742D-8918-4BED-B331-8FB6A2FF4906}"
EndProject
Project("{FAE04EC0-301F-11D3-BF4B-00C04F79EFBC}") = "asm-fuzz", "CSHARP\asm-fuzz\asm-fuzz.csproj", "{E7978D99-D610-4AB8-AABC-52F709B742FF}"
EndProject
Project("{FAE04EC0-301F-11D3-BF4B-00C04F79EFBC}") = "asm-options-lib", "CSHARP\asm-options-lib\asm-options-lib.csproj", "{ED14711D-CBB9-48DE-8555-B651B9D36437}"
EndProject
Project("{FAE04EC0-301F-11D3-BF4B-00C04F79EFBC}") = "asm-annotate-tests", "CSHARP\asm-annotate-tests\asm-annotate-tests.csproj", "{03F3DA54-54D4-4EC8-B0F5-293CBB8FDDAB}"
EndProject
Project("{FAE04EC0-301F-11D3-BF4B-00C04F79EFBC}") = "asm-fuzz-tests", "CSHARP\asm-fuzz-tests\asm-fuzz-tests.csproj", "{89DDC891-E33A-44AB-8068-525439F4DDFF}"
EndProject
Project("{FAE04EC0-301F-11D3-BF4B-00C04F79EFBC}") = "asm-dude2-vsix-tests", "CSHARP\asm-dude2-vsix-tests\asm-dude2-vsix-tests.csproj", "{7EF3EBB1-9373-4CE9-86E6-02D5C192FE9C}"
EndProject
Project("{FAE04EC0-301F-11D3-BF4B-00C04F79EFBC}") = "asm-sim-host-lib", "CSHARP\asm-sim-host-lib\asm-sim-host-lib.csproj", "{0742E1DE-6E7D-4359-A531-D73DF01B02E7}"
EndProject
Project("{FAE04EC0-301F-11D3-BF4B-00C04F79EFBC}") = "asm-sim-server", "CSHARP\asm-sim-server\asm-sim-server.csproj", "{AB7504D1-CB08-4425-8CCA-4865EB865276}"
EndProject
Project("{FAE04EC0-301F-11D3-BF4B-00C04F79EFBC}") = "asm-sim-host-tests", "CSHARP\asm-sim-host-tests\asm-sim-host-tests.csproj", "{2EE194D6-F2B4-47D5-9FCD-890D8C1699F5}"
EndProject
Global
	GlobalSection(SolutionConfigurationPlatforms) = preSolution
		Debug|Any CPU = Debug|Any CPU
		Debug|x64 = Debug|x64
		Debug|x86 = Debug|x86
		Release|Any CPU = Release|Any CPU
		Release|x64 = Release|x64
		Release|x86 = Release|x86
	EndGlobalSection
	GlobalSection(ProjectConfigurationPlatforms) = postSolution
		{57680B5B-28CC-4AAA-AF9D-874CFFD0F346}.Debug|Any CPU.ActiveCfg = Debug|Any CPU
		{57680B5B-28CC-4AAA-AF9D-874CFFD0F346}.Debug|Any CPU.Build.0 = Debug|Any CPU
		{57680B5B-28CC-4AAA-AF9D-874CFFD0F346}.Debug|x64.ActiveCfg = Debug|Any CPU
		{57680B5B-28CC-4AAA-AF9D-874CFFD0F346}.Debug|x64.Build.0 = Debug|Any CPU
		{57680B5B-28CC-4AAA-AF9D-874CFFD0F346}.Debug|x86.ActiveCfg = Debug|Any CPU
		{57680B5B-28CC-4AAA-AF9D-874CFFD0F346}.Debug|x86.Build.0 = Debug|Any CPU
		{57680B5B-28CC-4AAA-AF9D-874CFFD0F346}.Release|Any CPU.ActiveCfg = Release|Any CPU
		{57680B5B-28CC-4AAA-AF9D-874CFFD0F346}.Release|Any CPU.Build.0 = Release|Any CPU
		{57680B5B-28CC-4AAA-AF9D-874CFFD0F346}.Release|x64.ActiveCfg = Release|Any CPU
		{57680B5B-28CC-4AAA-AF9D-874CFFD0F346}.Release|x64.Build.0 = Release|Any CPU
		{57680B5B-28CC-4AAA-AF9D-874CFFD0F346}.Release|x86.ActiveCfg = Release|Any CPU
		{57680B5B-28CC-4AAA-AF9D-874CFFD0F346}.Release|x86.Build.0 = Release|Any CPU
		{C8E7EF28-598E-45FD-905E-EC76486EAB90}.Debug|Any CPU.ActiveCfg = Debug|Any CPU
		{C8E7EF28-598E-45FD-905E-EC76486EAB90}.Debug|Any CPU.Build.0 = Debug|Any CPU
		{C8E7EF28-598E-45FD-905E-EC76486EAB90}.Debug|Any CPU.Deploy.0 = Debug|Any CPU
		{C8E7EF28-598E-45FD-905E-EC76486EAB90}.Debug|x64.ActiveCfg = Debug|Any CPU
		{C8E7EF28-598E-45FD-905E-EC76486EAB90}.Debug|x64.Build.0 = Debug|Any CPU
		{C8E7EF28-598E-45FD-905E-EC76486EAB90}.Debug|x64.Deploy.0 = Debug|Any CPU
		{C8E7EF28-598E-45FD-905E-EC76486EAB90}.Debug|x86.ActiveCfg = Debug|Any CPU
		{C8E7EF28-598E-45FD-905E-EC76486EAB90}.Debug|x86.Build.0 = Debug|Any CPU
		{C8E7EF28-598E-45FD-905E-EC76486EAB90}.Release|Any CPU.ActiveCfg = Release|Any CPU
		{C8E7EF28-598E-45FD-905E-EC76486EAB90}.Release|Any CPU.Build.0 = Release|Any CPU
		{C8E7EF28-598E-45FD-905E-EC76486EAB90}.Release|Any CPU.Deploy.0 = Release|Any CPU
		{C8E7EF28-598E-45FD-905E-EC76486EAB90}.Release|x64.ActiveCfg = Release|Any CPU
		{C8E7EF28-598E-45FD-905E-EC76486EAB90}.Release|x64.Build.0 = Release|Any CPU
		{C8E7EF28-598E-45FD-905E-EC76486EAB90}.Release|x64.Deploy.0 = Release|Any CPU
		{C8E7EF28-598E-45FD-905E-EC76486EAB90}.Release|x86.ActiveCfg = Release|Any CPU
		{C8E7EF28-598E-45FD-905E-EC76486EAB90}.Release|x86.Build.0 = Release|Any CPU
		{D70EDAA2-616B-4B09-80DE-F66C7D7073D1}.Debug|Any CPU.ActiveCfg = Debug|Any CPU
		{D70EDAA2-616B-4B09-80DE-F66C7D7073D1}.Debug|Any CPU.Build.0 = Debug|Any CPU
		{D70EDAA2-616B-4B09-80DE-F66C7D7073D1}.Debug|x64.ActiveCfg = Debug|Any CPU
		{D70EDAA2-616B-4B09-80DE-F66C7D7073D1}.Debug|x64.Build.0 = Debug|Any CPU
		{D70EDAA2-616B-4B09-80DE-F66C7D7073D1}.Debug|x86.ActiveCfg = Debug|Any CPU
		{D70EDAA2-616B-4B09-80DE-F66C7D7073D1}.Debug|x86.Build.0 = Debug|Any CPU
		{D70EDAA2-616B-4B09-80DE-F66C7D7073D1}.Release|Any CPU.ActiveCfg = Release|Any CPU
		{D70EDAA2-616B-4B09-80DE-F66C7D7073D1}.Release|Any CPU.Build.0 = Release|Any CPU
		{D70EDAA2-616B-4B09-80DE-F66C7D7073D1}.Release|x64.ActiveCfg = Release|Any CPU
		{D70EDAA2-616B-4B09-80DE-F66C7D7073D1}.Release|x64.Build.0 = Release|Any CPU
		{D70EDAA2-616B-4B09-80DE-F66C7D7073D1}.Release|x86.ActiveCfg = Release|Any CPU
		{D70EDAA2-616B-4B09-80DE-F66C7D7073D1}.Release|x86.Build.0 = Release|Any CPU
		{0F4AFE8D-2FBA-4027-AE33-E98BE0E41E4D}.Debug|Any CPU.ActiveCfg = Debug|Any CPU
		{0F4AFE8D-2FBA-4027-AE33-E98BE0E41E4D}.Debug|Any CPU.Build.0 = Debug|Any CPU
		{0F4AFE8D-2FBA-4027-AE33-E98BE0E41E4D}.Debug|x64.ActiveCfg = Debug|Any CPU
		{0F4AFE8D-2FBA-4027-AE33-E98BE0E41E4D}.Debug|x64.Build.0 = Debug|Any CPU
		{0F4AFE8D-2FBA-4027-AE33-E98BE0E41E4D}.Debug|x86.ActiveCfg = Debug|Any CPU
		{0F4AFE8D-2FBA-4027-AE33-E98BE0E41E4D}.Debug|x86.Build.0 = Debug|Any CPU
		{0F4AFE8D-2FBA-4027-AE33-E98BE0E41E4D}.Release|Any CPU.ActiveCfg = Release|Any CPU
		{0F4AFE8D-2FBA-4027-AE33-E98BE0E41E4D}.Release|Any CPU.Build.0 = Release|Any CPU
		{0F4AFE8D-2FBA-4027-AE33-E98BE0E41E4D}.Release|x64.ActiveCfg = Release|Any CPU
		{0F4AFE8D-2FBA-4027-AE33-E98BE0E41E4D}.Release|x64.Build.0 = Release|Any CPU
		{0F4AFE8D-2FBA-4027-AE33-E98BE0E41E4D}.Release|x86.ActiveCfg = Release|Any CPU
		{0F4AFE8D-2FBA-4027-AE33-E98BE0E41E4D}.Release|x86.Build.0 = Release|Any CPU
		{F52C248F-C834-4210-9AAC-56C5BDF9F08E}.Debug|Any CPU.ActiveCfg = Debug|Any CPU
		{F52C248F-C834-4210-9AAC-56C5BDF9F08E}.Debug|Any CPU.Build.0 = Debug|Any CPU
		{F52C248F-C834-4210-9AAC-56C5BDF9F08E}.Debug|x64.ActiveCfg = Debug|Any CPU
		{F52C248F-C834-4210-9AAC-56C5BDF9F08E}.Debug|x64.Build.0 = Debug|Any CPU
		{F52C248F-C834-4210-9AAC-56C5BDF9F08E}.Debug|x86.ActiveCfg = Debug|Any CPU
		{F52C248F-C834-4210-9AAC-56C5BDF9F08E}.Debug|x86.Build.0 = Debug|Any CPU
		{F52C248F-C834-4210-9AAC-56C5BDF9F08E}.Release|Any CPU.ActiveCfg = Release|Any CPU
		{F52C248F-C834-4210-9AAC-56C5BDF9F08E}.Release|Any CPU.Build.0 = Release|Any CPU
		{F52C248F-C834-4210-9AAC-56C5BDF9F08E}.Release|x64.ActiveCfg = Release|Any CPU
		{F52C248F-C834-4210-9AAC-56C5BDF9F08E}.Release|x64.Build.0 = Release|Any CPU
		{F52C248F-C834-4210-9AAC-56C5BDF9F08E}.Release|x86.ActiveCfg = Release|Any CPU
		{F52C248F-C834-4210-9AAC-56C5BDF9F08E}.Release|x86.Build.0 = Release|Any CPU
		{A9D9EE4D-E66F-4202-85B4-7C62B91D7A61}.Debug|Any CPU.ActiveCfg = Debug|Any CPU
		{A9D9EE4D-E66F-4202-85B4-7C62B91D7A61}.Debug|Any CPU.Build.0 = Debug|Any CPU
		{A9D9EE4D-E66F-4202-85B4-7C62B91D7A61}.Debug|x64.ActiveCfg = Debug|Any CPU
		{A9D9EE4D-E66F-4202-85B4-7C62B91D7A61}.Debug|x64.Build.0 = Debug|Any CPU
		{A9D9EE4D-E66F-4202-85B4-7C62B91D7A61}.Debug|x86.ActiveCfg = Debug|Any CPU
		{A9D9EE4D-E66F-4202-85B4-7C62B91D7A61}.Debug|x86.Build.0 = Debug|Any CPU
		{A9D9EE4D-E66F-4202-85B4-7C62B91D7A61}.Release|Any CPU.ActiveCfg = Release|Any CPU
		{A9D9EE4D-E66F-4202-85B4-7C62B91D7A61}.Release|Any CPU.Build.0 = Release|Any CPU
		{A9D9EE4D-E66F-4202-85B4-7C62B91D7A61}.Release|x64.ActiveCfg = Release|Any CPU
		{A9D9EE4D-E66F-4202-85B4-7C62B91D7A61}.Release|x64.Build.0 = Release|Any CPU
		{A9D9EE4D-E66F-4202-85B4-7C62B91D7A61}.Release|x86.ActiveCfg = Release|Any CPU
		{A9D9EE4D-E66F-4202-85B4-7C62B91D7A61}.Release|x86.Build.0 = Release|Any CPU
		{042DE8B6-4982-4BC1-8E37-1DEC75B4FD78}.Debug|Any CPU.ActiveCfg = Debug|Any CPU
		{042DE8B6-4982-4BC1-8E37-1DEC75B4FD78}.Debug|Any CPU.Build.0 = Debug|Any CPU
		{042DE8B6-4982-4BC1-8E37-1DEC75B4FD78}.Debug|x64.ActiveCfg = Debug|Any CPU
		{042DE8B6-4982-4BC1-8E37-1DEC75B4FD78}.Debug|x64.Build.0 = Debug|Any CPU
		{042DE8B6-4982-4BC1-8E37-1DEC75B4FD78}.Debug|x86.ActiveCfg = Debug|Any CPU
		{042DE8B6-4982-4BC1-8E37-1DEC75B4FD78}.Debug|x86.Build.0 = Debug|Any CPU
		{042DE8B6-4982-4BC1-8E37-1DEC75B4FD78}.Release|Any CPU.ActiveCfg = Release|Any CPU
		{042DE8B6-4982-4BC1-8E37-1DEC75B4FD78}.Release|Any CPU.Build.0 = Release|Any CPU
		{042DE8B6-4982-4BC1-8E37-1DEC75B4FD78}.Release|x64.ActiveCfg = Release|Any CPU
		{042DE8B6-4982-4BC1-8E37-1DEC75B4FD78}.Release|x64.Build.0 = Release|Any CPU
		{042DE8B6-4982-4BC1-8E37-1DEC75B4FD78}.Release|x86.ActiveCfg = Release|Any CPU
		{042DE8B6-4982-4BC1-8E37-1DEC75B4FD78}.Release|x86.Build.0 = Release|Any CPU
		{95DD9330-E49E-4F95-B68B-7E158CED2E6E}.Debug|Any CPU.ActiveCfg = Debug|Any CPU
		{95DD9330-E49E-4F95-B68B-7E158CED2E6E}.Debug|Any CPU.Build.0 = Debug|Any CPU
		{95DD9330-E49E-4F95-B68B-7E158CED2E6E}.Debug|x64.ActiveCfg = Debug|Any CPU
		{95DD9330-E49E-4F95-B68B-7E158CED2E6E}.Debug|x64.Build.0 = Debug|Any CPU
		{95DD9330-E49E-4F95-B68B-7E158CED2E6E}.Debug|x86.ActiveCfg = Debug|Any CPU
		{95DD9330-E49E-4F95-B68B-7E158CED2E6E}.Debug|x86.Build.0 = Debug|Any CPU
		{95DD9330-E49E-4F95-B68B-7E158CED2E6E}.Release|Any CPU.ActiveCfg = Release|Any CPU
		{95DD9330-E49E-4F95-B68B-7E158CED2E6E}.Release|Any CPU.Build.0 = Release|Any CPU
		{95DD9330-E49E-4F95-B68B-7E158CED2E6E}.Release|x64.ActiveCfg = Release|Any CPU
		{95DD9330-E49E-4F95-B68B-7E158CED2E6E}.Release|x64.Build.0 = Release|Any CPU
		{95DD9330-E49E-4F95-B68B-7E158CED2E6E}.Release|x86.ActiveCfg = Release|Any CPU
		{95DD9330-E49E-4F95-B68B-7E158CED2E6E}.Release|x86.Build.0 = Release|Any CPU
		{FC2D7630-7474-4D9C-AE57-EE141AA4712B}.Debug|Any CPU.ActiveCfg = Debug|Any CPU
		{FC2D7630-7474-4D9C-AE57-EE141AA4712B}.Debug|Any CPU.Build.0 = Debug|Any CPU
		{FC2D7630-7474-4D9C-AE57-EE141AA4712B}.Debug|x64.ActiveCfg = Debug|Any CPU
		{FC2D7630-7474-4D9C-AE57-EE141AA4712B}.Debug|x64.Build.0 = Debug|Any CPU
		{FC2D7630-7474-4D9C-AE57-EE141AA4712B}.Debug|x86.ActiveCfg = Debug|Any CPU
		{FC2D7630-7474-4D9C-AE57-EE141AA4712B}.Debug|x86.Build.0 = Debug|Any CPU
		{FC2D7630-7474-4D9C-AE57-EE141AA4712B}.Release|Any CPU.ActiveCfg = Release|Any CPU
		{FC2D7630-7474-4D9C-AE57-EE141AA4712B}.Release|Any CPU.Build.0 = Release|Any CPU
		{FC2D7630-7474-4D9C-AE57-EE141AA4712B}.Release|x64.ActiveCfg = Release|Any CPU
		{FC2D7630-7474-4D9C-AE57-EE141AA4712B}.Release|x64.Build.0 = Release|Any CPU
		{FC2D7630-7474-4D9C-AE57-EE141AA4712B}.Release|x86.ActiveCfg = Release|Any CPU
		{FC2D7630-7474-4D9C-AE57-EE141AA4712B}.Release|x86.Build.0 = Release|Any CPU
		{47F0742D-8918-4BED-B331-8FB6A2FF4906}.Debug|Any CPU.ActiveCfg = Debug|Any CPU
		{47F0742D-8918-4BED-B331-8FB6A2FF4906}.Debug|Any CPU.Build.0 = Debug|Any CPU
		{47F0742D-8918-4BED-B331-8FB6A2FF4906}.Debug|x64.ActiveCfg = Debug|Any CPU
		{47F0742D-8918-4BED-B331-8FB6A2FF4906}.Debug|x64.Build.0 = Debug|Any CPU
		{47F0742D-8918-4BED-B331-8FB6A2FF4906}.Debug|x86.ActiveCfg = Debug|Any CPU
		{47F0742D-8918-4BED-B331-8FB6A2FF4906}.Debug|x86.Build.0 = Debug|Any CPU
		{47F0742D-8918-4BED-B331-8FB6A2FF4906}.Release|Any CPU.ActiveCfg = Release|Any CPU
		{47F0742D-8918-4BED-B331-8FB6A2FF4906}.Release|Any CPU.Build.0 = Release|Any CPU
		{47F0742D-8918-4BED-B331-8FB6A2FF4906}.Release|x64.ActiveCfg = Release|Any CPU
		{47F0742D-8918-4BED-B331-8FB6A2FF4906}.Release|x64.Build.0 = Release|Any CPU
		{47F0742D-8918-4BED-B331-8FB6A2FF4906}.Release|x86.ActiveCfg = Release|Any CPU
		{47F0742D-8918-4BED-B331-8FB6A2FF4906}.Release|x86.Build.0 = Release|Any CPU
		{E7978D99-D610-4AB8-AABC-52F709B742FF}.Debug|Any CPU.ActiveCfg = Debug|Any CPU
		{E7978D99-D610-4AB8-AABC-52F709B742FF}.Debug|Any CPU.Build.0 = Debug|Any CPU
		{E7978D99-D610-4AB8-AABC-52F709B742FF}.Debug|x64.ActiveCfg = Debug|Any CPU
		{E7978D99-D610-4AB8-AABC-52F709B742FF}.Debug|x64.Build.0 = Debug|Any CPU
		{E7978D99-D610-4AB8-AABC-52F709B742FF}.Debug|x86.ActiveCfg = Debug|Any CPU
		{E7978D99-D610-4AB8-AABC-52F709B742FF}.Debug|x86.Build.0 = Debug|Any CPU
		{E7978D99-D610-4AB8-AABC-52F709B742FF}.Release|Any CPU.ActiveCfg = Release|Any CPU
		{E7978D99-D610-4AB8-AABC-52F709B742FF}.Release|Any CPU.Build.0 = Release|Any CPU
		{E7978D99-D610-4AB8-AABC-52F709B742FF}.Release|x64.ActiveCfg = Release|Any CPU
		{E7978D99-D610-4AB8-AABC-52F709B742FF}.Release|x64.Build.0 = Release|Any CPU
		{E7978D99-D610-4AB8-AABC-52F709B742FF}.Release|x86.ActiveCfg = Release|Any CPU
		{E7978D99-D610-4AB8-AABC-52F709B742FF}.Release|x86.Build.0 = Release|Any CPU
		{ED14711D-CBB9-48DE-8555-B651B9D36437}.Debug|Any CPU.ActiveCfg = Debug|Any CPU
		{ED14711D-CBB9-48DE-8555-B651B9D36437}.Debug|Any CPU.Build.0 = Debug|Any CPU
		{ED14711D-CBB9-48DE-8555-B651B9D36437}.Debug|x64.ActiveCfg = Debug|Any CPU
		{ED14711D-CBB9-48DE-8555-B651B9D36437}.Debug|x64.Build.0 = Debug|Any CPU
		{ED14711D-CBB9-48DE-8555-B651B9D36437}.Debug|x86.ActiveCfg = Debug|Any CPU
		{ED14711D-CBB9-48DE-8555-B651B9D36437}.Debug|x86.Build.0 = Debug|Any CPU
		{ED14711D-CBB9-48DE-8555-B651B9D36437}.Release|Any CPU.ActiveCfg = Release|Any CPU
		{ED14711D-CBB9-48DE-8555-B651B9D36437}.Release|Any CPU.Build.0 = Release|Any CPU
		{ED14711D-CBB9-48DE-8555-B651B9D36437}.Release|x64.ActiveCfg = Release|Any CPU
		{ED14711D-CBB9-48DE-8555-B651B9D36437}.Release|x64.Build.0 = Release|Any CPU
		{ED14711D-CBB9-48DE-8555-B651B9D36437}.Release|x86.ActiveCfg = Release|Any CPU
		{ED14711D-CBB9-48DE-8555-B651B9D36437}.Release|x86.Build.0 = Release|Any CPU
		{03F3DA54-54D4-4EC8-B0F5-293CBB8FDDAB}.Debug|Any CPU.ActiveCfg = Debug|Any CPU
		{03F3DA54-54D4-4EC8-B0F5-293CBB8FDDAB}.Debug|Any CPU.Build.0 = Debug|Any CPU
		{03F3DA54-54D4-4EC8-B0F5-293CBB8FDDAB}.Debug|x64.ActiveCfg = Debug|Any CPU
		{03F3DA54-54D4-4EC8-B0F5-293CBB8FDDAB}.Debug|x64.Build.0 = Debug|Any CPU
		{03F3DA54-54D4-4EC8-B0F5-293CBB8FDDAB}.Debug|x86.ActiveCfg = Debug|Any CPU
		{03F3DA54-54D4-4EC8-B0F5-293CBB8FDDAB}.Debug|x86.Build.0 = Debug|Any CPU
		{03F3DA54-54D4-4EC8-B0F5-293CBB8FDDAB}.Release|Any CPU.ActiveCfg = Release|Any CPU
		{03F3DA54-54D4-4EC8-B0F5-293CBB8FDDAB}.Release|Any CPU.Build.0 = Release|Any CPU
		{03F3DA54-54D4-4EC8-B0F5-293CBB8FDDAB}.Release|x64.ActiveCfg = Release|Any CPU
		{03F3DA54-54D4-4EC8-B0F5-293CBB8FDDAB}.Release|x64.Build.0 = Release|Any CPU
		{03F3DA54-54D4-4EC8-B0F5-293CBB8FDDAB}.Release|x86.ActiveCfg = Release|Any CPU
		{03F3DA54-54D4-4EC8-B0F5-293CBB8FDDAB}.Release|x86.Build.0 = Release|Any CPU
		{89DDC891-E33A-44AB-8068-525439F4DDFF}.Debug|Any CPU.ActiveCfg = Debug|Any CPU
		{89DDC891-E33A-44AB-8068-525439F4DDFF}.Debug|Any CPU.Build.0 = Debug|Any CPU
		{89DDC891-E33A-44AB-8068-525439F4DDFF}.Debug|x64.ActiveCfg = Debug|Any CPU
		{89DDC891-E33A-44AB-8068-525439F4DDFF}.Debug|x64.Build.0 = Debug|Any CPU
		{89DDC891-E33A-44AB-8068-525439F4DDFF}.Debug|x86.ActiveCfg = Debug|Any CPU
		{89DDC891-E33A-44AB-8068-525439F4DDFF}.Debug|x86.Build.0 = Debug|Any CPU
		{89DDC891-E33A-44AB-8068-525439F4DDFF}.Release|Any CPU.ActiveCfg = Release|Any CPU
		{89DDC891-E33A-44AB-8068-525439F4DDFF}.Release|Any CPU.Build.0 = Release|Any CPU
		{89DDC891-E33A-44AB-8068-525439F4DDFF}.Release|x64.ActiveCfg = Release|Any CPU
		{89DDC891-E33A-44AB-8068-525439F4DDFF}.Release|x64.Build.0 = Release|Any CPU
		{89DDC891-E33A-44AB-8068-525439F4DDFF}.Release|x86.ActiveCfg = Release|Any CPU
		{89DDC891-E33A-44AB-8068-525439F4DDFF}.Release|x86.Build.0 = Release|Any CPU
		{7EF3EBB1-9373-4CE9-86E6-02D5C192FE9C}.Debug|Any CPU.ActiveCfg = Debug|Any CPU
		{7EF3EBB1-9373-4CE9-86E6-02D5C192FE9C}.Debug|Any CPU.Build.0 = Debug|Any CPU
		{7EF3EBB1-9373-4CE9-86E6-02D5C192FE9C}.Debug|x64.ActiveCfg = Debug|Any CPU
		{7EF3EBB1-9373-4CE9-86E6-02D5C192FE9C}.Debug|x64.Build.0 = Debug|Any CPU
		{7EF3EBB1-9373-4CE9-86E6-02D5C192FE9C}.Debug|x86.ActiveCfg = Debug|Any CPU
		{7EF3EBB1-9373-4CE9-86E6-02D5C192FE9C}.Debug|x86.Build.0 = Debug|Any CPU
		{7EF3EBB1-9373-4CE9-86E6-02D5C192FE9C}.Release|Any CPU.ActiveCfg = Release|Any CPU
		{7EF3EBB1-9373-4CE9-86E6-02D5C192FE9C}.Release|Any CPU.Build.0 = Release|Any CPU
		{7EF3EBB1-9373-4CE9-86E6-02D5C192FE9C}.Release|x64.ActiveCfg = Release|Any CPU
		{7EF3EBB1-9373-4CE9-86E6-02D5C192FE9C}.Release|x64.Build.0 = Release|Any CPU
		{7EF3EBB1-9373-4CE9-86E6-02D5C192FE9C}.Release|x86.ActiveCfg = Release|Any CPU
		{7EF3EBB1-9373-4CE9-86E6-02D5C192FE9C}.Release|x86.Build.0 = Release|Any CPU
		{0742E1DE-6E7D-4359-A531-D73DF01B02E7}.Debug|Any CPU.ActiveCfg = Debug|Any CPU
		{0742E1DE-6E7D-4359-A531-D73DF01B02E7}.Debug|Any CPU.Build.0 = Debug|Any CPU
		{0742E1DE-6E7D-4359-A531-D73DF01B02E7}.Debug|x64.ActiveCfg = Debug|Any CPU
		{0742E1DE-6E7D-4359-A531-D73DF01B02E7}.Debug|x64.Build.0 = Debug|Any CPU
		{0742E1DE-6E7D-4359-A531-D73DF01B02E7}.Debug|x86.ActiveCfg = Debug|Any CPU
		{0742E1DE-6E7D-4359-A531-D73DF01B02E7}.Debug|x86.Build.0 = Debug|Any CPU
		{0742E1DE-6E7D-4359-A531-D73DF01B02E7}.Release|Any CPU.ActiveCfg = Release|Any CPU
		{0742E1DE-6E7D-4359-A531-D73DF01B02E7}.Release|Any CPU.Build.0 = Release|Any CPU
		{0742E1DE-6E7D-4359-A531-D73DF01B02E7}.Release|x64.ActiveCfg = Release|Any CPU
		{0742E1DE-6E7D-4359-A531-D73DF01B02E7}.Release|x64.Build.0 = Release|Any CPU
		{0742E1DE-6E7D-4359-A531-D73DF01B02E7}.Release|x86.ActiveCfg = Release|Any CPU
		{0742E1DE-6E7D-4359-A531-D73DF01B02E7}.Release|x86.Build.0 = Release|Any CPU
		{AB7504D1-CB08-4425-8CCA-4865EB865276}.Debug|Any CPU.ActiveCfg = Debug|Any CPU
		{AB7504D1-CB08-4425-8CCA-4865EB865276}.Debug|Any CPU.Build.0 = Debug|Any CPU
		{AB7504D1-CB08-4425-8CCA-4865EB865276}.Debug|x64.ActiveCfg = Debug|Any CPU
		{AB7504D1-CB08-4425-8CCA-4865EB865276}.Debug|x64.Build.0 = Debug|Any CPU
		{AB7504D1-CB08-4425-8CCA-4865EB865276}.Debug|x86.ActiveCfg = Debug|Any CPU
		{AB7504D1-CB08-4425-8CCA-4865EB865276}.Debug|x86.Build.0 = Debug|Any CPU
		{AB7504D1-CB08-4425-8CCA-4865EB865276}.Release|Any CPU.ActiveCfg = Release|Any CPU
		{AB7504D1-CB08-4425-8CCA-4865EB865276}.Release|Any CPU.Build.0 = Release|Any CPU
		{AB7504D1-CB08-4425-8CCA-4865EB865276}.Release|x64.ActiveCfg = Release|Any CPU
		{AB7504D1-CB08-4425-8CCA-4865EB865276}.Release|x64.Build.0 = Release|Any CPU
		{AB7504D1-CB08-4425-8CCA-4865EB865276}.Release|x86.ActiveCfg = Release|Any CPU
		{AB7504D1-CB08-4425-8CCA-4865EB865276}.Release|x86.Build.0 = Release|Any CPU
		{2EE194D6-F2B4-47D5-9FCD-890D8C1699F5}.Debug|Any CPU.ActiveCfg = Debug|Any CPU
		{2EE194D6-F2B4-47D5-9FCD-890D8C1699F5}.Debug|Any CPU.Build.0 = Debug|Any CPU
		{2EE194D6-F2B4-47D5-9FCD-890D8C1699F5}.Debug|x64.ActiveCfg = Debug|Any CPU
		{2EE194D6-F2B4-47D5-9FCD-890D8C1699F5}.Debug|x64.Build.0 = Debug|Any CPU
		{2EE194D6-F2B4-47D5-9FCD-890D8C1699F5}.Debug|x86.ActiveCfg = Debug|Any CPU
		{2EE194D6-F2B4-47D5-9FCD-890D8C1699F5}.Debug|x86.Build.0 = Debug|Any CPU
		{2EE194D6-F2B4-47D5-9FCD-890D8C1699F5}.Release|Any CPU.ActiveCfg = Release|Any CPU
		{2EE194D6-F2B4-47D5-9FCD-890D8C1699F5}.Release|Any CPU.Build.0 = Release|Any CPU
		{2EE194D6-F2B4-47D5-9FCD-890D8C1699F5}.Release|x64.ActiveCfg = Release|Any CPU
		{2EE194D6-F2B4-47D5-9FCD-890D8C1699F5}.Release|x64.Build.0 = Release|Any CPU
		{2EE194D6-F2B4-47D5-9FCD-890D8C1699F5}.Release|x86.ActiveCfg = Release|Any CPU
		{2EE194D6-F2B4-47D5-9FCD-890D8C1699F5}.Release|x86.Build.0 = Release|Any CPU
	EndGlobalSection
	GlobalSection(SolutionProperties) = preSolution
		HideSolutionNode = FALSE
	EndGlobalSection
	GlobalSection(NestedProjects) = preSolution
		{57680B5B-28CC-4AAA-AF9D-874CFFD0F346} = {B41BF331-FCCB-2ADF-CDB6-767964B34647}
		{C8E7EF28-598E-45FD-905E-EC76486EAB90} = {B41BF331-FCCB-2ADF-CDB6-767964B34647}
		{D70EDAA2-616B-4B09-80DE-F66C7D7073D1} = {B41BF331-FCCB-2ADF-CDB6-767964B34647}
		{0F4AFE8D-2FBA-4027-AE33-E98BE0E41E4D} = {B41BF331-FCCB-2ADF-CDB6-767964B34647}
		{F52C248F-C834-4210-9AAC-56C5BDF9F08E} = {B41BF331-FCCB-2ADF-CDB6-767964B34647}
		{A9D9EE4D-E66F-4202-85B4-7C62B91D7A61} = {B41BF331-FCCB-2ADF-CDB6-767964B34647}
		{042DE8B6-4982-4BC1-8E37-1DEC75B4FD78} = {B41BF331-FCCB-2ADF-CDB6-767964B34647}
		{95DD9330-E49E-4F95-B68B-7E158CED2E6E} = {B41BF331-FCCB-2ADF-CDB6-767964B34647}
		{FC2D7630-7474-4D9C-AE57-EE141AA4712B} = {B41BF331-FCCB-2ADF-CDB6-767964B34647}
		{47F0742D-8918-4BED-B331-8FB6A2FF4906} = {B41BF331-FCCB-2ADF-CDB6-767964B34647}
		{E7978D99-D610-4AB8-AABC-52F709B742FF} = {B41BF331-FCCB-2ADF-CDB6-767964B34647}
		{ED14711D-CBB9-48DE-8555-B651B9D36437} = {B41BF331-FCCB-2ADF-CDB6-767964B34647}
		{03F3DA54-54D4-4EC8-B0F5-293CBB8FDDAB} = {B41BF331-FCCB-2ADF-CDB6-767964B34647}
		{89DDC891-E33A-44AB-8068-525439F4DDFF} = {B41BF331-FCCB-2ADF-CDB6-767964B34647}
		{7EF3EBB1-9373-4CE9-86E6-02D5C192FE9C} = {B41BF331-FCCB-2ADF-CDB6-767964B34647}
		{0742E1DE-6E7D-4359-A531-D73DF01B02E7} = {B41BF331-FCCB-2ADF-CDB6-767964B34647}
		{AB7504D1-CB08-4425-8CCA-4865EB865276} = {B41BF331-FCCB-2ADF-CDB6-767964B34647}
		{2EE194D6-F2B4-47D5-9FCD-890D8C1699F5} = {B41BF331-FCCB-2ADF-CDB6-767964B34647}
	EndGlobalSection
	GlobalSection(ExtensibilityGlobals) = postSolution
		SolutionGuid = {89D318BB-C529-4DDE-8EAF-DAEA3986256B}
	EndGlobalSection
EndGlobal
