Microsoft Visual Studio Solution File, Format Version 12.00
# Visual Studio Version 17
VisualStudioVersion = 17.8.34004.107
MinimumVisualStudioVersion = 10.0.40219.1
Project("{FAE04EC0-301F-11D3-BF4B-00C04F79EFBC}") = "asm-dude-vsix", "CSHARP\asm-dude-vsix\asm-dude-vsix.csproj", "{B5A25E78-81D0-454A-8C02-F8C17CB0BBF5}"
EndProject
Project("{2150E333-8FDC-42A3-9474-1A3956D46DE8}") = "AsmDoc", "AsmDoc", "{8539E7E0-634A-459F-A5AF-25ECBD16DE13}"
EndProject
Project("{888888A0-9F3D-457C-B088-3A5042F75D52}") = "intel-doc-2-md", "Python\intel-doc-2-md\intel-doc-2-md.pyproj", "{BF80AE23-E323-48FB-8B44-156B2524EFFF}"
EndProject
Project("{9A19103F-16F7-4668-BE54-9A1E7A4F7556}") = "intel-doc-2-data", "CSHARP\intel-doc-2-data\intel-doc-2-data.csproj", "{16019732-E6FC-4299-B075-4B5537A7FDB5}"
EndProject
Project("{9A19103F-16F7-4668-BE54-9A1E7A4F7556}") = "asm-annotate", "CSHARP\asm-annotate\asm-annotate.csproj", "{57680B5B-28CC-4AAA-AF9D-874CFFD0F346}"
EndProject
Project("{9A19103F-16F7-4668-BE54-9A1E7A4F7556}") = "asm-dude2-vsix", "CSHARP\asm-dude2-vsix\asm-dude2-vsix.csproj", "{E8E7EF28-598E-45FD-905E-EC76486EAB89}"
	ProjectSection(ProjectDependencies) = postProject
		{0F4AFE8D-2FBA-4027-AE33-E98BE0E41E4D} = {0F4AFE8D-2FBA-4027-AE33-E98BE0E41E4D}
	EndProjectSection
EndProject
Project("{2150E333-8FDC-42A3-9474-1A3956D46DE8}") = "Solution Items", "Solution Items", "{70DA876B-F391-4F59-B57C-C5A7B9DFBC2C}"
	ProjectSection(SolutionItems) = preProject
		.editorconfig = .editorconfig
	EndProjectSection
EndProject
Project("{9A19103F-16F7-4668-BE54-9A1E7A4F7556}") = "asm-dude2-ls-lib", "CSHARP\asm-dude2-ls-lib\asm-dude2-ls-lib.csproj", "{D70EDAA2-616B-4B09-80DE-F66C7D7073D1}"
EndProject
Project("{9A19103F-16F7-4668-BE54-9A1E7A4F7556}") = "asm-dude2-ls", "CSHARP\asm-dude2-ls\asm-dude2-ls.csproj", "{0F4AFE8D-2FBA-4027-AE33-E98BE0E41E4D}"
EndProject
Project("{9A19103F-16F7-4668-BE54-9A1E7A4F7556}") = "asm-tools-lib", "CSHARP\asm-tools-lib\asm-tools-lib.csproj", "{F52C248F-C834-4210-9AAC-56C5BDF9F08E}"
EndProject
Project("{9A19103F-16F7-4668-BE54-9A1E7A4F7556}") = "asm-sim-lib", "CSHARP\asm-sim-lib\asm-sim-lib.csproj", "{A9D9EE4D-E66F-4202-85B4-7C62B91D7A61}"
EndProject
Project("{FAE04EC0-301F-11D3-BF4B-00C04F79EFBC}") = "asm-tools-lib-net48", "CSHARP\asm-tools-lib-net48\asm-tools-lib-net48.csproj", "{BFBA5A61-B171-43F3-9EFC-E6080C76342C}"
EndProject
Project("{9A19103F-16F7-4668-BE54-9A1E7A4F7556}") = "asm-sim-main", "CSHARP\asm-sim-main\asm-sim-main.csproj", "{042DE8B6-4982-4BC1-8E37-1DEC75B4FD78}"
EndProject
Project("{8BC9CEB8-8B4A-11D0-8D11-00A0C91BC942}") = "ConsoleWinTest", "CPP\ConsoleTest\ConsoleTest\ConsoleTest.vcxproj", "{3999DC4F-3A96-4B9B-805E-6BBDF0B101E1}"
EndProject
Project("{9A19103F-16F7-4668-BE54-9A1E7A4F7556}") = "asm-tools-tests", "CSHARP\asm-tools-tests\asm-tools-tests.csproj", "{95DD9330-E49E-4F95-B68B-7E158CED2E6E}"
EndProject
Project("{9A19103F-16F7-4668-BE54-9A1E7A4F7556}") = "asm-sim-tests", "CSHARP\asm-sim-tests\asm-sim-tests.csproj", "{FC2D7630-7474-4D9C-AE57-EE141AA4712B}"
EndProject
Global
	GlobalSection(SolutionConfigurationPlatforms) = preSolution
		Debug|Any CPU = Debug|Any CPU
		Debug|x64 = Debug|x64
		Release|Any CPU = Release|Any CPU
		Release|x64 = Release|x64
	EndGlobalSection
	GlobalSection(ProjectConfigurationPlatforms) = postSolution
		{B5A25E78-81D0-454A-8C02-F8C17CB0BBF5}.Debug|Any CPU.ActiveCfg = Debug|Any CPU
		{B5A25E78-81D0-454A-8C02-F8C17CB0BBF5}.Debug|x64.ActiveCfg = Debug|Any CPU
		{B5A25E78-81D0-454A-8C02-F8C17CB0BBF5}.Debug|x64.Build.0 = Debug|Any CPU
		{B5A25E78-81D0-454A-8C02-F8C17CB0BBF5}.Release|Any CPU.ActiveCfg = Release|Any CPU
		{B5A25E78-81D0-454A-8C02-F8C17CB0BBF5}.Release|x64.ActiveCfg = Release|Any CPU
		{B5A25E78-81D0-454A-8C02-F8C17CB0BBF5}.Release|x64.Build.0 = Release|Any CPU
		{BF80AE23-E323-48FB-8B44-156B2524EFFF}.Debug|Any CPU.ActiveCfg = Debug|Any CPU
		{BF80AE23-E323-48FB-8B44-156B2524EFFF}.Debug|x64.ActiveCfg = Debug|Any CPU
		{BF80AE23-E323-48FB-8B44-156B2524EFFF}.Release|Any CPU.ActiveCfg = Release|Any CPU
		{BF80AE23-E323-48FB-8B44-156B2524EFFF}.Release|x64.ActiveCfg = Release|Any CPU
		{16019732-E6FC-4299-B075-4B5537A7FDB5}.Debug|Any CPU.ActiveCfg = Debug|Any CPU
		{16019732-E6FC-4299-B075-4B5537A7FDB5}.Debug|Any CPU.Build.0 = Debug|Any CPU
		{16019732-E6FC-4299-B075-4B5537A7FDB5}.Debug|x64.ActiveCfg = Debug|Any CPU
		{16019732-E6FC-4299-B075-4B5537A7FDB5}.Debug|x64.Build.0 = Debug|Any CPU
		{16019732-E6FC-4299-B075-4B5537A7FDB5}.Release|Any CPU.ActiveCfg = Release|Any CPU
		{16019732-E6FC-4299-B075-4B5537A7FDB5}.Release|Any CPU.Build.0 = Release|Any CPU
		{16019732-E6FC-4299-B075-4B5537A7FDB5}.Release|x64.ActiveCfg = Release|Any CPU
		{16019732-E6FC-4299-B075-4B5537A7FDB5}.Release|x64.Build.0 = Release|Any CPU
		{57680B5B-28CC-4AAA-AF9D-874CFFD0F346}.Debug|Any CPU.ActiveCfg = Debug|Any CPU
		{57680B5B-28CC-4AAA-AF9D-874CFFD0F346}.Debug|Any CPU.Build.0 = Debug|Any CPU
		{57680B5B-28CC-4AAA-AF9D-874CFFD0F346}.Debug|x64.ActiveCfg = Debug|Any CPU
		{57680B5B-28CC-4AAA-AF9D-874CFFD0F346}.Debug|x64.Build.0 = Debug|Any CPU
		{57680B5B-28CC-4AAA-AF9D-874CFFD0F346}.Release|Any CPU.ActiveCfg = Release|Any CPU
		{57680B5B-28CC-4AAA-AF9D-874CFFD0F346}.Release|Any CPU.Build.0 = Release|Any CPU
		{57680B5B-28CC-4AAA-AF9D-874CFFD0F346}.Release|x64.ActiveCfg = Release|Any CPU
		{57680B5B-28CC-4AAA-AF9D-874CFFD0F346}.Release|x64.Build.0 = Release|Any CPU
		{E8E7EF28-598E-45FD-905E-EC76486EAB89}.Debug|Any CPU.ActiveCfg = Debug|Any CPU
		{E8E7EF28-598E-45FD-905E-EC76486EAB89}.Debug|Any CPU.Build.0 = Debug|Any CPU
		{E8E7EF28-598E-45FD-905E-EC76486EAB89}.Debug|Any CPU.Deploy.0 = Debug|Any CPU
		{E8E7EF28-598E-45FD-905E-EC76486EAB89}.Debug|x64.ActiveCfg = Debug|Any CPU
		{E8E7EF28-598E-45FD-905E-EC76486EAB89}.Debug|x64.Build.0 = Debug|Any CPU
		{E8E7EF28-598E-45FD-905E-EC76486EAB89}.Debug|x64.Deploy.0 = Debug|Any CPU
		{E8E7EF28-598E-45FD-905E-EC76486EAB89}.Release|Any CPU.ActiveCfg = Release|Any CPU
		{E8E7EF28-598E-45FD-905E-EC76486EAB89}.Release|Any CPU.Build.0 = Release|Any CPU
		{E8E7EF28-598E-45FD-905E-EC76486EAB89}.Release|Any CPU.Deploy.0 = Release|Any CPU
		{E8E7EF28-598E-45FD-905E-EC76486EAB89}.Release|x64.ActiveCfg = Release|Any CPU
		{E8E7EF28-598E-45FD-905E-EC76486EAB89}.Release|x64.Build.0 = Release|Any CPU
		{E8E7EF28-598E-45FD-905E-EC76486EAB89}.Release|x64.Deploy.0 = Release|Any CPU
		{D70EDAA2-616B-4B09-80DE-F66C7D7073D1}.Debug|Any CPU.ActiveCfg = Debug|Any CPU
		{D70EDAA2-616B-4B09-80DE-F66C7D7073D1}.Debug|Any CPU.Build.0 = Debug|Any CPU
		{D70EDAA2-616B-4B09-80DE-F66C7D7073D1}.Debug|x64.ActiveCfg = Debug|Any CPU
		{D70EDAA2-616B-4B09-80DE-F66C7D7073D1}.Debug|x64.Build.0 = Debug|Any CPU
		{D70EDAA2-616B-4B09-80DE-F66C7D7073D1}.Release|Any CPU.ActiveCfg = Release|Any CPU
		{D70EDAA2-616B-4B09-80DE-F66C7D7073D1}.Release|Any CPU.Build.0 = Release|Any CPU
		{D70EDAA2-616B-4B09-80DE-F66C7D7073D1}.Release|x64.ActiveCfg = Release|Any CPU
		{D70EDAA2-616B-4B09-80DE-F66C7D7073D1}.Release|x64.Build.0 = Release|Any CPU
		{0F4AFE8D-2FBA-4027-AE33-E98BE0E41E4D}.Debug|Any CPU.ActiveCfg = Debug|Any CPU
		{0F4AFE8D-2FBA-4027-AE33-E98BE0E41E4D}.Debug|Any CPU.Build.0 = Debug|Any CPU
		{0F4AFE8D-2FBA-4027-AE33-E98BE0E41E4D}.Debug|x64.ActiveCfg = Debug|Any CPU
		{0F4AFE8D-2FBA-4027-AE33-E98BE0E41E4D}.Debug|x64.Build.0 = Debug|Any CPU
		{0F4AFE8D-2FBA-4027-AE33-E98BE0E41E4D}.Release|Any CPU.ActiveCfg = Release|Any CPU
		{0F4AFE8D-2FBA-4027-AE33-E98BE0E41E4D}.Release|Any CPU.Build.0 = Release|Any CPU
		{0F4AFE8D-2FBA-4027-AE33-E98BE0E41E4D}.Release|x64.ActiveCfg = Release|Any CPU
		{0F4AFE8D-2FBA-4027-AE33-E98BE0E41E4D}.Release|x64.Build.0 = Release|Any CPU
		{F52C248F-C834-4210-9AAC-56C5BDF9F08E}.Debug|Any CPU.ActiveCfg = Debug|Any CPU
		{F52C248F-C834-4210-9AAC-56C5BDF9F08E}.Debug|Any CPU.Build.0 = Debug|Any CPU
		{F52C248F-C834-4210-9AAC-56C5BDF9F08E}.Debug|x64.ActiveCfg = Debug|Any CPU
		{F52C248F-C834-4210-9AAC-56C5BDF9F08E}.Debug|x64.Build.0 = Debug|Any CPU
		{F52C248F-C834-4210-9AAC-56C5BDF9F08E}.Release|Any CPU.ActiveCfg = Release|Any CPU
		{F52C248F-C834-4210-9AAC-56C5BDF9F08E}.Release|Any CPU.Build.0 = Release|Any CPU
		{F52C248F-C834-4210-9AAC-56C5BDF9F08E}.Release|x64.ActiveCfg = Release|Any CPU
		{F52C248F-C834-4210-9AAC-56C5BDF9F08E}.Release|x64.Build.0 = Release|Any CPU
		{A9D9EE4D-E66F-4202-85B4-7C62B91D7A61}.Debug|Any CPU.ActiveCfg = Debug|Any CPU
		{A9D9EE4D-E66F-4202-85B4-7C62B91D7A61}.Debug|Any CPU.Build.0 = Debug|Any CPU
		{A9D9EE4D-E66F-4202-85B4-7C62B91D7A61}.Debug|x64.ActiveCfg = Debug|Any CPU
		{A9D9EE4D-E66F-4202-85B4-7C62B91D7A61}.Debug|x64.Build.0 = Debug|Any CPU
		{A9D9EE4D-E66F-4202-85B4-7C62B91D7A61}.Release|Any CPU.ActiveCfg = Release|Any CPU
		{A9D9EE4D-E66F-4202-85B4-7C62B91D7A61}.Release|Any CPU.Build.0 = Release|Any CPU
		{A9D9EE4D-E66F-4202-85B4-7C62B91D7A61}.Release|x64.ActiveCfg = Release|Any CPU
		{A9D9EE4D-E66F-4202-85B4-7C62B91D7A61}.Release|x64.Build.0 = Release|Any CPU
		{BFBA5A61-B171-43F3-9EFC-E6080C76342C}.Debug|Any CPU.ActiveCfg = Debug|Any CPU
		{BFBA5A61-B171-43F3-9EFC-E6080C76342C}.Debug|Any CPU.Build.0 = Debug|Any CPU
		{BFBA5A61-B171-43F3-9EFC-E6080C76342C}.Debug|x64.ActiveCfg = Debug|Any CPU
		{BFBA5A61-B171-43F3-9EFC-E6080C76342C}.Debug|x64.Build.0 = Debug|Any CPU
		{BFBA5A61-B171-43F3-9EFC-E6080C76342C}.Release|Any CPU.ActiveCfg = Release|Any CPU
		{BFBA5A61-B171-43F3-9EFC-E6080C76342C}.Release|Any CPU.Build.0 = Release|Any CPU
		{BFBA5A61-B171-43F3-9EFC-E6080C76342C}.Release|x64.ActiveCfg = Release|Any CPU
		{BFBA5A61-B171-43F3-9EFC-E6080C76342C}.Release|x64.Build.0 = Release|Any CPU
		{042DE8B6-4982-4BC1-8E37-1DEC75B4FD78}.Debug|Any CPU.ActiveCfg = Debug|Any CPU
		{042DE8B6-4982-4BC1-8E37-1DEC75B4FD78}.Debug|Any CPU.Build.0 = Debug|Any CPU
		{042DE8B6-4982-4BC1-8E37-1DEC75B4FD78}.Debug|x64.ActiveCfg = Debug|Any CPU
		{042DE8B6-4982-4BC1-8E37-1DEC75B4FD78}.Debug|x64.Build.0 = Debug|Any CPU
		{042DE8B6-4982-4BC1-8E37-1DEC75B4FD78}.Release|Any CPU.ActiveCfg = Release|Any CPU
		{042DE8B6-4982-4BC1-8E37-1DEC75B4FD78}.Release|Any CPU.Build.0 = Release|Any CPU
		{042DE8B6-4982-4BC1-8E37-1DEC75B4FD78}.Release|x64.ActiveCfg = Release|Any CPU
		{042DE8B6-4982-4BC1-8E37-1DEC75B4FD78}.Release|x64.Build.0 = Release|Any CPU
		{3999DC4F-3A96-4B9B-805E-6BBDF0B101E1}.Debug|Any CPU.ActiveCfg = Debug|x64
		{3999DC4F-3A96-4B9B-805E-6BBDF0B101E1}.Debug|Any CPU.Build.0 = Debug|x64
		{3999DC4F-3A96-4B9B-805E-6BBDF0B101E1}.Debug|x64.ActiveCfg = Debug|x64
		{3999DC4F-3A96-4B9B-805E-6BBDF0B101E1}.Debug|x64.Build.0 = Debug|x64
		{3999DC4F-3A96-4B9B-805E-6BBDF0B101E1}.Release|Any CPU.ActiveCfg = Release|x64
		{3999DC4F-3A96-4B9B-805E-6BBDF0B101E1}.Release|Any CPU.Build.0 = Release|x64
		{3999DC4F-3A96-4B9B-805E-6BBDF0B101E1}.Release|x64.ActiveCfg = Release|x64
		{3999DC4F-3A96-4B9B-805E-6BBDF0B101E1}.Release|x64.Build.0 = Release|x64
		{95DD9330-E49E-4F95-B68B-7E158CED2E6E}.Debug|Any CPU.ActiveCfg = Debug|Any CPU
		{95DD9330-E49E-4F95-B68B-7E158CED2E6E}.Debug|Any CPU.Build.0 = Debug|Any CPU
		{95DD9330-E49E-4F95-B68B-7E158CED2E6E}.Debug|x64.ActiveCfg = Debug|Any CPU
		{95DD9330-E49E-4F95-B68B-7E158CED2E6E}.Debug|x64.Build.0 = Debug|Any CPU
		{95DD9330-E49E-4F95-B68B-7E158CED2E6E}.Release|Any CPU.ActiveCfg = Release|Any CPU
		{95DD9330-E49E-4F95-B68B-7E158CED2E6E}.Release|Any CPU.Build.0 = Release|Any CPU
		{95DD9330-E49E-4F95-B68B-7E158CED2E6E}.Release|x64.ActiveCfg = Release|Any CPU
		{95DD9330-E49E-4F95-B68B-7E158CED2E6E}.Release|x64.Build.0 = Release|Any CPU
		{FC2D7630-7474-4D9C-AE57-EE141AA4712B}.Debug|Any CPU.ActiveCfg = Debug|Any CPU
		{FC2D7630-7474-4D9C-AE57-EE141AA4712B}.Debug|Any CPU.Build.0 = Debug|Any CPU
		{FC2D7630-7474-4D9C-AE57-EE141AA4712B}.Debug|x64.ActiveCfg = Debug|Any CPU
		{FC2D7630-7474-4D9C-AE57-EE141AA4712B}.Debug|x64.Build.0 = Debug|Any CPU
		{FC2D7630-7474-4D9C-AE57-EE141AA4712B}.Release|Any CPU.ActiveCfg = Release|Any CPU
		{FC2D7630-7474-4D9C-AE57-EE141AA4712B}.Release|Any CPU.Build.0 = Release|Any CPU
		{FC2D7630-7474-4D9C-AE57-EE141AA4712B}.Release|x64.ActiveCfg = Release|Any CPU
		{FC2D7630-7474-4D9C-AE57-EE141AA4712B}.Release|x64.Build.0 = Release|Any CPU
	EndGlobalSection
	GlobalSection(SolutionProperties) = preSolution
		HideSolutionNode = FALSE
	EndGlobalSection
	GlobalSection(NestedProjects) = preSolution
		{BF80AE23-E323-48FB-8B44-156B2524EFFF} = {8539E7E0-634A-459F-A5AF-25ECBD16DE13}
		{16019732-E6FC-4299-B075-4B5537A7FDB5} = {8539E7E0-634A-459F-A5AF-25ECBD16DE13}
	EndGlobalSection
	GlobalSection(ExtensibilityGlobals) = postSolution
		SolutionGuid = {89D318BB-C529-4DDE-8EAF-DAEA3986256B}
	EndGlobalSection
EndGlobal
